
Microsoft Visual Studio Solution File, Format Version 12.00
# Visual Studio Version 16
VisualStudioVersion = 16.0.30114.105
MinimumVisualStudioVersion = 10.0.40219.1
Project("{FAE04EC0-301F-11D3-BF4B-00C04F79EFBC}") = "CacheStrategy", "CacheStrategy\CacheStrategy.csproj", "{2CC35D5F-BF83-4335-A068-4ACFA5CCB82A}"
EndProject
Global
	GlobalSection(SolutionConfigurationPlatforms) = preSolution
		Debug|Any CPU = Debug|Any CPU
		Release|Any CPU = Release|Any CPU
	EndGlobalSection
	GlobalSection(ProjectConfigurationPlatforms) = postSolution
		{2CC35D5F-BF83-4335-A068-4ACFA5CCB82A}.Debug|Any CPU.ActiveCfg = Debug|Any CPU
		{2CC35D5F-BF83-4335-A068-4ACFA5CCB82A}.Debug|Any CPU.Build.0 = Debug|Any CPU
		{2CC35D5F-BF83-4335-A068-4ACFA5CCB82A}.Release|Any CPU.ActiveCfg = Release|Any CPU
		{2CC35D5F-BF83-4335-A068-4ACFA5CCB82A}.Release|Any CPU.Build.0 = Release|Any CPU
	EndGlobalSection
	GlobalSection(SolutionProperties) = preSolution
		HideSolutionNode = FALSE
	EndGlobalSection
	GlobalSection(ExtensibilityGlobals) = postSolution
		SolutionGuid = {806B2634-ED92-42A3-83EF-62CE601A06A7}
	EndGlobalSection
EndGlobal
